// !$*UTF8*$!
{
	archiveVersion = 1;
	classes = {
	};
	objectVersion = 56;
	objects = {

/* Begin PBXBuildFile section */
		3F01EA942D74FA6800726A1A /* AppDelegate.swift in Sources */ = {isa = PBXBuildFile; fileRef = 3F01EA932D74FA6800726A1A /* AppDelegate.swift */; };
		3F01EA962D74FA6800726A1A /* SceneDelegate.swift in Sources */ = {isa = PBXBuildFile; fileRef = 3F01EA952D74FA6800726A1A /* SceneDelegate.swift */; };
		3F01EA982D74FA6800726A1A /* ViewController.swift in Sources */ = {isa = PBXBuildFile; fileRef = 3F01EA972D74FA6800726A1A /* ViewController.swift */; };
		3F01EA9B2D74FA6800726A1A /* Main.storyboard in Resources */ = {isa = PBXBuildFile; fileRef = 3F01EA992D74FA6800726A1A /* Main.storyboard */; };
		3F01EA9D2D74FA6B00726A1A /* Assets.xcassets in Resources */ = {isa = PBXBuildFile; fileRef = 3F01EA9C2D74FA6B00726A1A /* Assets.xcassets */; };
		3F01EAA02D74FA6B00726A1A /* LaunchScreen.storyboard in Resources */ = {isa = PBXBuildFile; fileRef = 3F01EA9E2D74FA6B00726A1A /* LaunchScreen.storyboard */; };
		3F01EAAB2D74FA6B00726A1A /* VitalityBoostTests.swift in Sources */ = {isa = PBXBuildFile; fileRef = 3F01EAAA2D74FA6B00726A1A /* VitalityBoostTests.swift */; };
		3F01EAB52D74FA6B00726A1A /* VitalityBoostUITests.swift in Sources */ = {isa = PBXBuildFile; fileRef = 3F01EAB42D74FA6B00726A1A /* VitalityBoostUITests.swift */; };
		3F01EAB72D74FA6B00726A1A /* VitalityBoostUITestsLaunchTests.swift in Sources */ = {isa = PBXBuildFile; fileRef = 3F01EAB62D74FA6B00726A1A /* VitalityBoostUITestsLaunchTests.swift */; };
		3F01EACB2D74FAD500726A1A /* LoginController.swift in Sources */ = {isa = PBXBuildFile; fileRef = 3F01EACA2D74FAD500726A1A /* LoginController.swift */; };
		3F01EACD2D74FAF700726A1A /* AccountController.swift in Sources */ = {isa = PBXBuildFile; fileRef = 3F01EACC2D74FAF700726A1A /* AccountController.swift */; };
		3F01EACF2D74FB0C00726A1A /* GoalsController.swift in Sources */ = {isa = PBXBuildFile; fileRef = 3F01EACE2D74FB0C00726A1A /* GoalsController.swift */; };
		3F01EAD12D74FB1E00726A1A /* AddGoalController.swift in Sources */ = {isa = PBXBuildFile; fileRef = 3F01EAD02D74FB1E00726A1A /* AddGoalController.swift */; };
		3F01EAD32D74FB3800726A1A /* CreateAccountController.swift in Sources */ = {isa = PBXBuildFile; fileRef = 3F01EAD22D74FB3800726A1A /* CreateAccountController.swift */; };
		3F01EAD52D74FB5000726A1A /* JournalController.swift in Sources */ = {isa = PBXBuildFile; fileRef = 3F01EAD42D74FB5000726A1A /* JournalController.swift */; };
		3F01EAD72D74FB6100726A1A /* JournalEntriesController.swift in Sources */ = {isa = PBXBuildFile; fileRef = 3F01EAD62D74FB6100726A1A /* JournalEntriesController.swift */; };
		3F01EAD92D74FB7700726A1A /* MentalHealthResourcesController.swift in Sources */ = {isa = PBXBuildFile; fileRef = 3F01EAD82D74FB7700726A1A /* MentalHealthResourcesController.swift */; };
		3F01EADB2D74FB9400726A1A /* FitnessController.swift in Sources */ = {isa = PBXBuildFile; fileRef = 3F01EADA2D74FB9400726A1A /* FitnessController.swift */; };
		3F01EADD2D74FBA300726A1A /* PersonalResearchController.swift in Sources */ = {isa = PBXBuildFile; fileRef = 3F01EADC2D74FBA300726A1A /* PersonalResearchController.swift */; };
		3F01EADF2D74FBC000726A1A /* AffordableOptionsController.swift in Sources */ = {isa = PBXBuildFile; fileRef = 3F01EADE2D74FBC000726A1A /* AffordableOptionsController.swift */; };
		3F01EAE12D74FBD700726A1A /* CalendarController.swift in Sources */ = {isa = PBXBuildFile; fileRef = 3F01EAE02D74FBD700726A1A /* CalendarController.swift */; };
		3F01EAE32D74FBE700726A1A /* OrganizationAssistanceController.swift in Sources */ = {isa = PBXBuildFile; fileRef = 3F01EAE22D74FBE700726A1A /* OrganizationAssistanceController.swift */; };
		3F01EAE52D74FBFB00726A1A /* WorkoutsController.swift in Sources */ = {isa = PBXBuildFile; fileRef = 3F01EAE42D74FBFB00726A1A /* WorkoutsController.swift */; };
		3F01EAE72D74FC0A00726A1A /* SupplementsController.swift in Sources */ = {isa = PBXBuildFile; fileRef = 3F01EAE62D74FC0A00726A1A /* SupplementsController.swift */; };
		3F01EAE92D74FC1E00726A1A /* RecipesController.swift in Sources */ = {isa = PBXBuildFile; fileRef = 3F01EAE82D74FC1E00726A1A /* RecipesController.swift */; };
		3F01EAEB2D74FC2B00726A1A /* RecipesSearchController.swift in Sources */ = {isa = PBXBuildFile; fileRef = 3F01EAEA2D74FC2B00726A1A /* RecipesSearchController.swift */; };
/* End PBXBuildFile section */

/* Begin PBXContainerItemProxy section */
		3F01EAA72D74FA6B00726A1A /* PBXContainerItemProxy */ = {
			isa = PBXContainerItemProxy;
			containerPortal = 3F01EA882D74FA6800726A1A /* Project object */;
			proxyType = 1;
			remoteGlobalIDString = 3F01EA8F2D74FA6800726A1A;
			remoteInfo = VitalityBoost;
		};
		3F01EAB12D74FA6B00726A1A /* PBXContainerItemProxy */ = {
			isa = PBXContainerItemProxy;
			containerPortal = 3F01EA882D74FA6800726A1A /* Project object */;
			proxyType = 1;
			remoteGlobalIDString = 3F01EA8F2D74FA6800726A1A;
			remoteInfo = VitalityBoost;
		};
/* End PBXContainerItemProxy section */

/* Begin PBXFileReference section */
		3F01EA902D74FA6800726A1A /* VitalityBoost.app */ = {isa = PBXFileReference; explicitFileType = wrapper.application; includeInIndex = 0; path = VitalityBoost.app; sourceTree = BUILT_PRODUCTS_DIR; };
		3F01EA932D74FA6800726A1A /* AppDelegate.swift */ = {isa = PBXFileReference; lastKnownFileType = sourcecode.swift; path = AppDelegate.swift; sourceTree = "<group>"; };
		3F01EA952D74FA6800726A1A /* SceneDelegate.swift */ = {isa = PBXFileReference; lastKnownFileType = sourcecode.swift; path = SceneDelegate.swift; sourceTree = "<group>"; };
		3F01EA972D74FA6800726A1A /* ViewController.swift */ = {isa = PBXFileReference; lastKnownFileType = sourcecode.swift; path = ViewController.swift; sourceTree = "<group>"; };
		3F01EA9A2D74FA6800726A1A /* Base */ = {isa = PBXFileReference; lastKnownFileType = file.storyboard; name = Base; path = Base.lproj/Main.storyboard; sourceTree = "<group>"; };
		3F01EA9C2D74FA6B00726A1A /* Assets.xcassets */ = {isa = PBXFileReference; lastKnownFileType = folder.assetcatalog; path = Assets.xcassets; sourceTree = "<group>"; };
		3F01EA9F2D74FA6B00726A1A /* Base */ = {isa = PBXFileReference; lastKnownFileType = file.storyboard; name = Base; path = Base.lproj/LaunchScreen.storyboard; sourceTree = "<group>"; };
		3F01EAA12D74FA6B00726A1A /* Info.plist */ = {isa = PBXFileReference; lastKnownFileType = text.plist.xml; path = Info.plist; sourceTree = "<group>"; };
		3F01EAA62D74FA6B00726A1A /* VitalityBoostTests.xctest */ = {isa = PBXFileReference; explicitFileType = wrapper.cfbundle; includeInIndex = 0; path = VitalityBoostTests.xctest; sourceTree = BUILT_PRODUCTS_DIR; };
		3F01EAAA2D74FA6B00726A1A /* VitalityBoostTests.swift */ = {isa = PBXFileReference; lastKnownFileType = sourcecode.swift; path = VitalityBoostTests.swift; sourceTree = "<group>"; };
		3F01EAB02D74FA6B00726A1A /* VitalityBoostUITests.xctest */ = {isa = PBXFileReference; explicitFileType = wrapper.cfbundle; includeInIndex = 0; path = VitalityBoostUITests.xctest; sourceTree = BUILT_PRODUCTS_DIR; };
		3F01EAB42D74FA6B00726A1A /* VitalityBoostUITests.swift */ = {isa = PBXFileReference; lastKnownFileType = sourcecode.swift; path = VitalityBoostUITests.swift; sourceTree = "<group>"; };
		3F01EAB62D74FA6B00726A1A /* VitalityBoostUITestsLaunchTests.swift */ = {isa = PBXFileReference; lastKnownFileType = sourcecode.swift; path = VitalityBoostUITestsLaunchTests.swift; sourceTree = "<group>"; };
		3F01EACA2D74FAD500726A1A /* LoginController.swift */ = {isa = PBXFileReference; lastKnownFileType = sourcecode.swift; path = LoginController.swift; sourceTree = "<group>"; };
		3F01EACC2D74FAF700726A1A /* AccountController.swift */ = {isa = PBXFileReference; lastKnownFileType = sourcecode.swift; path = AccountController.swift; sourceTree = "<group>"; };
		3F01EACE2D74FB0C00726A1A /* GoalsController.swift */ = {isa = PBXFileReference; lastKnownFileType = sourcecode.swift; path = GoalsController.swift; sourceTree = "<group>"; };
		3F01EAD02D74FB1E00726A1A /* AddGoalController.swift */ = {isa = PBXFileReference; lastKnownFileType = sourcecode.swift; path = AddGoalController.swift; sourceTree = "<group>"; };
		3F01EAD22D74FB3800726A1A /* CreateAccountController.swift */ = {isa = PBXFileReference; lastKnownFileType = sourcecode.swift; path = CreateAccountController.swift; sourceTree = "<group>"; };
		3F01EAD42D74FB5000726A1A /* JournalController.swift */ = {isa = PBXFileReference; lastKnownFileType = sourcecode.swift; path = JournalController.swift; sourceTree = "<group>"; };
		3F01EAD62D74FB6100726A1A /* JournalEntriesController.swift */ = {isa = PBXFileReference; lastKnownFileType = sourcecode.swift; path = JournalEntriesController.swift; sourceTree = "<group>"; };
		3F01EAD82D74FB7700726A1A /* MentalHealthResourcesController.swift */ = {isa = PBXFileReference; lastKnownFileType = sourcecode.swift; path = MentalHealthResourcesController.swift; sourceTree = "<group>"; };
		3F01EADA2D74FB9400726A1A /* FitnessController.swift */ = {isa = PBXFileReference; lastKnownFileType = sourcecode.swift; path = FitnessController.swift; sourceTree = "<group>"; };
		3F01EADC2D74FBA300726A1A /* PersonalResearchController.swift */ = {isa = PBXFileReference; lastKnownFileType = sourcecode.swift; path = PersonalResearchController.swift; sourceTree = "<group>"; };
		3F01EADE2D74FBC000726A1A /* AffordableOptionsController.swift */ = {isa = PBXFileReference; lastKnownFileType = sourcecode.swift; path = AffordableOptionsController.swift; sourceTree = "<group>"; };
		3F01EAE02D74FBD700726A1A /* CalendarController.swift */ = {isa = PBXFileReference; lastKnownFileType = sourcecode.swift; path = CalendarController.swift; sourceTree = "<group>"; };
		3F01EAE22D74FBE700726A1A /* OrganizationAssistanceController.swift */ = {isa = PBXFileReference; lastKnownFileType = sourcecode.swift; path = OrganizationAssistanceController.swift; sourceTree = "<group>"; };
		3F01EAE42D74FBFB00726A1A /* WorkoutsController.swift */ = {isa = PBXFileReference; lastKnownFileType = sourcecode.swift; path = WorkoutsController.swift; sourceTree = "<group>"; };
		3F01EAE62D74FC0A00726A1A /* SupplementsController.swift */ = {isa = PBXFileReference; lastKnownFileType = sourcecode.swift; path = SupplementsController.swift; sourceTree = "<group>"; };
		3F01EAE82D74FC1E00726A1A /* RecipesController.swift */ = {isa = PBXFileReference; lastKnownFileType = sourcecode.swift; path = RecipesController.swift; sourceTree = "<group>"; };
		3F01EAEA2D74FC2B00726A1A /* RecipesSearchController.swift */ = {isa = PBXFileReference; lastKnownFileType = sourcecode.swift; path = RecipesSearchController.swift; sourceTree = "<group>"; };
/* End PBXFileReference section */

/* Begin PBXFrameworksBuildPhase section */
		3F01EA8D2D74FA6800726A1A /* Frameworks */ = {
			isa = PBXFrameworksBuildPhase;
			buildActionMask = 2147483647;
			files = (
			);
			runOnlyForDeploymentPostprocessing = 0;
		};
		3F01EAA32D74FA6B00726A1A /* Frameworks */ = {
			isa = PBXFrameworksBuildPhase;
			buildActionMask = 2147483647;
			files = (
			);
			runOnlyForDeploymentPostprocessing = 0;
		};
		3F01EAAD2D74FA6B00726A1A /* Frameworks */ = {
			isa = PBXFrameworksBuildPhase;
			buildActionMask = 2147483647;
			files = (
			);
			runOnlyForDeploymentPostprocessing = 0;
		};
/* End PBXFrameworksBuildPhase section */

/* Begin PBXGroup section */
		3F01EA872D74FA6800726A1A = {
			isa = PBXGroup;
			children = (
				3F01EA922D74FA6800726A1A /* VitalityBoost */,
				3F01EAA92D74FA6B00726A1A /* VitalityBoostTests */,
				3F01EAB32D74FA6B00726A1A /* VitalityBoostUITests */,
				3F01EA912D74FA6800726A1A /* Products */,
			);
			sourceTree = "<group>";
		};
		3F01EA912D74FA6800726A1A /* Products */ = {
			isa = PBXGroup;
			children = (
				3F01EA902D74FA6800726A1A /* VitalityBoost.app */,
				3F01EAA62D74FA6B00726A1A /* VitalityBoostTests.xctest */,
				3F01EAB02D74FA6B00726A1A /* VitalityBoostUITests.xctest */,
			);
			name = Products;
			sourceTree = "<group>";
		};
		3F01EA922D74FA6800726A1A /* VitalityBoost */ = {
			isa = PBXGroup;
			children = (
				3F01EAC92D74FAB100726A1A /* account */,
				3F01EAC82D74FAAB00726A1A /* mentality */,
				3F01EAC72D74FAA500726A1A /* resources */,
				3F01EAC62D74FA9E00726A1A /* timeManagement */,
				3F01EAC52D74FA9700726A1A /* physicalWellbeing */,
				3F01EAC42D74FA9100726A1A /* nutrition */,
				3F01EAC32D74FA8A00726A1A /* menu */,
				3F01EA932D74FA6800726A1A /* AppDelegate.swift */,
				3F01EA952D74FA6800726A1A /* SceneDelegate.swift */,
				3F01EA992D74FA6800726A1A /* Main.storyboard */,
				3F01EA9C2D74FA6B00726A1A /* Assets.xcassets */,
				3F01EA9E2D74FA6B00726A1A /* LaunchScreen.storyboard */,
				3F01EAA12D74FA6B00726A1A /* Info.plist */,
			);
			path = VitalityBoost;
			sourceTree = "<group>";
		};
		3F01EAA92D74FA6B00726A1A /* VitalityBoostTests */ = {
			isa = PBXGroup;
			children = (
				3F01EAAA2D74FA6B00726A1A /* VitalityBoostTests.swift */,
			);
			path = VitalityBoostTests;
			sourceTree = "<group>";
		};
		3F01EAB32D74FA6B00726A1A /* VitalityBoostUITests */ = {
			isa = PBXGroup;
			children = (
				3F01EAB42D74FA6B00726A1A /* VitalityBoostUITests.swift */,
				3F01EAB62D74FA6B00726A1A /* VitalityBoostUITestsLaunchTests.swift */,
			);
			path = VitalityBoostUITests;
			sourceTree = "<group>";
		};
		3F01EAC32D74FA8A00726A1A /* menu */ = {
			isa = PBXGroup;
			children = (
				3F01EA972D74FA6800726A1A /* ViewController.swift */,
			);
			path = menu;
			sourceTree = "<group>";
		};
		3F01EAC42D74FA9100726A1A /* nutrition */ = {
			isa = PBXGroup;
			children = (
				3F01EAE82D74FC1E00726A1A /* RecipesController.swift */,
				3F01EAEA2D74FC2B00726A1A /* RecipesSearchController.swift */,
			);
			path = nutrition;
			sourceTree = "<group>";
		};
		3F01EAC52D74FA9700726A1A /* physicalWellbeing */ = {
			isa = PBXGroup;
			children = (
				3F01EAE42D74FBFB00726A1A /* WorkoutsController.swift */,
				3F01EAE62D74FC0A00726A1A /* SupplementsController.swift */,
			);
			path = physicalWellbeing;
			sourceTree = "<group>";
		};
		3F01EAC62D74FA9E00726A1A /* timeManagement */ = {
			isa = PBXGroup;
			children = (
				3F01EAE02D74FBD700726A1A /* CalendarController.swift */,
				3F01EAE22D74FBE700726A1A /* OrganizationAssistanceController.swift */,
			);
			path = timeManagement;
			sourceTree = "<group>";
		};
		3F01EAC72D74FAA500726A1A /* resources */ = {
			isa = PBXGroup;
			children = (
				3F01EADA2D74FB9400726A1A /* FitnessController.swift */,
				3F01EADC2D74FBA300726A1A /* PersonalResearchController.swift */,
				3F01EADE2D74FBC000726A1A /* AffordableOptionsController.swift */,
			);
			path = resources;
			sourceTree = "<group>";
		};
		3F01EAC82D74FAAB00726A1A /* mentality */ = {
			isa = PBXGroup;
			children = (
				3F01EAD42D74FB5000726A1A /* JournalController.swift */,
				3F01EAD62D74FB6100726A1A /* JournalEntriesController.swift */,
				3F01EAD82D74FB7700726A1A /* MentalHealthResourcesController.swift */,
			);
			path = mentality;
			sourceTree = "<group>";
		};
		3F01EAC92D74FAB100726A1A /* account */ = {
			isa = PBXGroup;
			children = (
				3F01EACA2D74FAD500726A1A /* LoginController.swift */,
				3F01EACC2D74FAF700726A1A /* AccountController.swift */,
				3F01EACE2D74FB0C00726A1A /* GoalsController.swift */,
				3F01EAD02D74FB1E00726A1A /* AddGoalController.swift */,
				3F01EAD22D74FB3800726A1A /* CreateAccountController.swift */,
			);
			path = account;
			sourceTree = "<group>";
		};
/* End PBXGroup section */

/* Begin PBXNativeTarget section */
		3F01EA8F2D74FA6800726A1A /* VitalityBoost */ = {
			isa = PBXNativeTarget;
			buildConfigurationList = 3F01EABA2D74FA6B00726A1A /* Build configuration list for PBXNativeTarget "VitalityBoost" */;
			buildPhases = (
				3F01EA8C2D74FA6800726A1A /* Sources */,
				3F01EA8D2D74FA6800726A1A /* Frameworks */,
				3F01EA8E2D74FA6800726A1A /* Resources */,
			);
			buildRules = (
			);
			dependencies = (
			);
			name = VitalityBoost;
			productName = VitalityBoost;
			productReference = 3F01EA902D74FA6800726A1A /* VitalityBoost.app */;
			productType = "com.apple.product-type.application";
		};
		3F01EAA52D74FA6B00726A1A /* VitalityBoostTests */ = {
			isa = PBXNativeTarget;
			buildConfigurationList = 3F01EABD2D74FA6B00726A1A /* Build configuration list for PBXNativeTarget "VitalityBoostTests" */;
			buildPhases = (
				3F01EAA22D74FA6B00726A1A /* Sources */,
				3F01EAA32D74FA6B00726A1A /* Frameworks */,
				3F01EAA42D74FA6B00726A1A /* Resources */,
			);
			buildRules = (
			);
			dependencies = (
				3F01EAA82D74FA6B00726A1A /* PBXTargetDependency */,
			);
			name = VitalityBoostTests;
			productName = VitalityBoostTests;
			productReference = 3F01EAA62D74FA6B00726A1A /* VitalityBoostTests.xctest */;
			productType = "com.apple.product-type.bundle.unit-test";
		};
		3F01EAAF2D74FA6B00726A1A /* VitalityBoostUITests */ = {
			isa = PBXNativeTarget;
			buildConfigurationList = 3F01EAC02D74FA6B00726A1A /* Build configuration list for PBXNativeTarget "VitalityBoostUITests" */;
			buildPhases = (
				3F01EAAC2D74FA6B00726A1A /* Sources */,
				3F01EAAD2D74FA6B00726A1A /* Frameworks */,
				3F01EAAE2D74FA6B00726A1A /* Resources */,
			);
			buildRules = (
			);
			dependencies = (
				3F01EAB22D74FA6B00726A1A /* PBXTargetDependency */,
			);
			name = VitalityBoostUITests;
			productName = VitalityBoostUITests;
			productReference = 3F01EAB02D74FA6B00726A1A /* VitalityBoostUITests.xctest */;
			productType = "com.apple.product-type.bundle.ui-testing";
		};
/* End PBXNativeTarget section */

/* Begin PBXProject section */
		3F01EA882D74FA6800726A1A /* Project object */ = {
			isa = PBXProject;
			attributes = {
				BuildIndependentTargetsInParallel = 1;
				LastSwiftUpdateCheck = 1520;
				LastUpgradeCheck = 1520;
				TargetAttributes = {
					3F01EA8F2D74FA6800726A1A = {
						CreatedOnToolsVersion = 15.2;
					};
					3F01EAA52D74FA6B00726A1A = {
						CreatedOnToolsVersion = 15.2;
						TestTargetID = 3F01EA8F2D74FA6800726A1A;
					};
					3F01EAAF2D74FA6B00726A1A = {
						CreatedOnToolsVersion = 15.2;
						TestTargetID = 3F01EA8F2D74FA6800726A1A;
					};
				};
			};
			buildConfigurationList = 3F01EA8B2D74FA6800726A1A /* Build configuration list for PBXProject "VitalityBoost" */;
			compatibilityVersion = "Xcode 14.0";
			developmentRegion = en;
			hasScannedForEncodings = 0;
			knownRegions = (
				en,
				Base,
			);
			mainGroup = 3F01EA872D74FA6800726A1A;
			productRefGroup = 3F01EA912D74FA6800726A1A /* Products */;
			projectDirPath = "";
			projectRoot = "";
			targets = (
				3F01EA8F2D74FA6800726A1A /* VitalityBoost */,
				3F01EAA52D74FA6B00726A1A /* VitalityBoostTests */,
				3F01EAAF2D74FA6B00726A1A /* VitalityBoostUITests */,
			);
		};
/* End PBXProject section */

/* Begin PBXResourcesBuildPhase section */
		3F01EA8E2D74FA6800726A1A /* Resources */ = {
			isa = PBXResourcesBuildPhase;
			buildActionMask = 2147483647;
			files = (
				3F01EAA02D74FA6B00726A1A /* LaunchScreen.storyboard in Resources */,
				3F01EA9D2D74FA6B00726A1A /* Assets.xcassets in Resources */,
				3F01EA9B2D74FA6800726A1A /* Main.storyboard in Resources */,
			);
			runOnlyForDeploymentPostprocessing = 0;
		};
		3F01EAA42D74FA6B00726A1A /* Resources */ = {
			isa = PBXResourcesBuildPhase;
			buildActionMask = 2147483647;
			files = (
			);
			runOnlyForDeploymentPostprocessing = 0;
		};
		3F01EAAE2D74FA6B00726A1A /* Resources */ = {
			isa = PBXResourcesBuildPhase;
			buildActionMask = 2147483647;
			files = (
			);
			runOnlyForDeploymentPostprocessing = 0;
		};
/* End PBXResourcesBuildPhase section */

/* Begin PBXSourcesBuildPhase section */
		3F01EA8C2D74FA6800726A1A /* Sources */ = {
			isa = PBXSourcesBuildPhase;
			buildActionMask = 2147483647;
			files = (
				3F01EAD12D74FB1E00726A1A /* AddGoalController.swift in Sources */,
				3F01EAD92D74FB7700726A1A /* MentalHealthResourcesController.swift in Sources */,
				3F01EADF2D74FBC000726A1A /* AffordableOptionsController.swift in Sources */,
				3F01EAD52D74FB5000726A1A /* JournalController.swift in Sources */,
				3F01EACF2D74FB0C00726A1A /* GoalsController.swift in Sources */,
				3F01EA982D74FA6800726A1A /* ViewController.swift in Sources */,
				3F01EAE92D74FC1E00726A1A /* RecipesController.swift in Sources */,
				3F01EACD2D74FAF700726A1A /* AccountController.swift in Sources */,
				3F01EAE12D74FBD700726A1A /* CalendarController.swift in Sources */,
				3F01EAE32D74FBE700726A1A /* OrganizationAssistanceController.swift in Sources */,
				3F01EADB2D74FB9400726A1A /* FitnessController.swift in Sources */,
				3F01EACB2D74FAD500726A1A /* LoginController.swift in Sources */,
				3F01EAD72D74FB6100726A1A /* JournalEntriesController.swift in Sources */,
				3F01EAD32D74FB3800726A1A /* CreateAccountController.swift in Sources */,
				3F01EA942D74FA6800726A1A /* AppDelegate.swift in Sources */,
				3F01EA962D74FA6800726A1A /* SceneDelegate.swift in Sources */,
				3F01EADD2D74FBA300726A1A /* PersonalResearchController.swift in Sources */,
				3F01EAEB2D74FC2B00726A1A /* RecipesSearchController.swift in Sources */,
				3F01EAE72D74FC0A00726A1A /* SupplementsController.swift in Sources */,
				3F01EAE52D74FBFB00726A1A /* WorkoutsController.swift in Sources */,
			);
			runOnlyForDeploymentPostprocessing = 0;
		};
		3F01EAA22D74FA6B00726A1A /* Sources */ = {
			isa = PBXSourcesBuildPhase;
			buildActionMask = 2147483647;
			files = (
				3F01EAAB2D74FA6B00726A1A /* VitalityBoostTests.swift in Sources */,
			);
			runOnlyForDeploymentPostprocessing = 0;
		};
		3F01EAAC2D74FA6B00726A1A /* Sources */ = {
			isa = PBXSourcesBuildPhase;
			buildActionMask = 2147483647;
			files = (
				3F01EAB72D74FA6B00726A1A /* VitalityBoostUITestsLaunchTests.swift in Sources */,
				3F01EAB52D74FA6B00726A1A /* VitalityBoostUITests.swift in Sources */,
			);
			runOnlyForDeploymentPostprocessing = 0;
		};
/* End PBXSourcesBuildPhase section */

/* Begin PBXTargetDependency section */
		3F01EAA82D74FA6B00726A1A /* PBXTargetDependency */ = {
			isa = PBXTargetDependency;
			target = 3F01EA8F2D74FA6800726A1A /* VitalityBoost */;
			targetProxy = 3F01EAA72D74FA6B00726A1A /* PBXContainerItemProxy */;
		};
		3F01EAB22D74FA6B00726A1A /* PBXTargetDependency */ = {
			isa = PBXTargetDependency;
			target = 3F01EA8F2D74FA6800726A1A /* VitalityBoost */;
			targetProxy = 3F01EAB12D74FA6B00726A1A /* PBXContainerItemProxy */;
		};
/* End PBXTargetDependency section */

/* Begin PBXVariantGroup section */
		3F01EA992D74FA6800726A1A /* Main.storyboard */ = {
			isa = PBXVariantGroup;
			children = (
				3F01EA9A2D74FA6800726A1A /* Base */,
			);
			name = Main.storyboard;
			sourceTree = "<group>";
		};
		3F01EA9E2D74FA6B00726A1A /* LaunchScreen.storyboard */ = {
			isa = PBXVariantGroup;
			children = (
				3F01EA9F2D74FA6B00726A1A /* Base */,
			);
			name = LaunchScreen.storyboard;
			sourceTree = "<group>";
		};
/* End PBXVariantGroup section */

/* Begin XCBuildConfiguration section */
		3F01EAB82D74FA6B00726A1A /* Debug */ = {
			isa = XCBuildConfiguration;
			buildSettings = {
				ALWAYS_SEARCH_USER_PATHS = NO;
				ASSETCATALOG_COMPILER_GENERATE_SWIFT_ASSET_SYMBOL_EXTENSIONS = YES;
				CLANG_ANALYZER_NONNULL = YES;
				CLANG_ANALYZER_NUMBER_OBJECT_CONVERSION = YES_AGGRESSIVE;
				CLANG_CXX_LANGUAGE_STANDARD = "gnu++20";
				CLANG_ENABLE_MODULES = YES;
				CLANG_ENABLE_OBJC_ARC = YES;
				CLANG_ENABLE_OBJC_WEAK = YES;
				CLANG_WARN_BLOCK_CAPTURE_AUTORELEASING = YES;
				CLANG_WARN_BOOL_CONVERSION = YES;
				CLANG_WARN_COMMA = YES;
				CLANG_WARN_CONSTANT_CONVERSION = YES;
				CLANG_WARN_DEPRECATED_OBJC_IMPLEMENTATIONS = YES;
				CLANG_WARN_DIRECT_OBJC_ISA_USAGE = YES_ERROR;
				CLANG_WARN_DOCUMENTATION_COMMENTS = YES;
				CLANG_WARN_EMPTY_BODY = YES;
				CLANG_WARN_ENUM_CONVERSION = YES;
				CLANG_WARN_INFINITE_RECURSION = YES;
				CLANG_WARN_INT_CONVERSION = YES;
				CLANG_WARN_NON_LITERAL_NULL_CONVERSION = YES;
				CLANG_WARN_OBJC_IMPLICIT_RETAIN_SELF = YES;
				CLANG_WARN_OBJC_LITERAL_CONVERSION = YES;
				CLANG_WARN_OBJC_ROOT_CLASS = YES_ERROR;
				CLANG_WARN_QUOTED_INCLUDE_IN_FRAMEWORK_HEADER = YES;
				CLANG_WARN_RANGE_LOOP_ANALYSIS = YES;
				CLANG_WARN_STRICT_PROTOTYPES = YES;
				CLANG_WARN_SUSPICIOUS_MOVE = YES;
				CLANG_WARN_UNGUARDED_AVAILABILITY = YES_AGGRESSIVE;
				CLANG_WARN_UNREACHABLE_CODE = YES;
				CLANG_WARN__DUPLICATE_METHOD_MATCH = YES;
				COPY_PHASE_STRIP = NO;
				DEBUG_INFORMATION_FORMAT = dwarf;
				ENABLE_STRICT_OBJC_MSGSEND = YES;
				ENABLE_TESTABILITY = YES;
				ENABLE_USER_SCRIPT_SANDBOXING = YES;
				GCC_C_LANGUAGE_STANDARD = gnu17;
				GCC_DYNAMIC_NO_PIC = NO;
				GCC_NO_COMMON_BLOCKS = YES;
				GCC_OPTIMIZATION_LEVEL = 0;
				GCC_PREPROCESSOR_DEFINITIONS = (
					"DEBUG=1",
					"$(inherited)",
				);
				GCC_WARN_64_TO_32_BIT_CONVERSION = YES;
				GCC_WARN_ABOUT_RETURN_TYPE = YES_ERROR;
				GCC_WARN_UNDECLARED_SELECTOR = YES;
				GCC_WARN_UNINITIALIZED_AUTOS = YES_AGGRESSIVE;
				GCC_WARN_UNUSED_FUNCTION = YES;
				GCC_WARN_UNUSED_VARIABLE = YES;
				IPHONEOS_DEPLOYMENT_TARGET = 17.2;
				LOCALIZATION_PREFERS_STRING_CATALOGS = YES;
				MTL_ENABLE_DEBUG_INFO = INCLUDE_SOURCE;
				MTL_FAST_MATH = YES;
				ONLY_ACTIVE_ARCH = YES;
				SDKROOT = iphoneos;
				SWIFT_ACTIVE_COMPILATION_CONDITIONS = "DEBUG $(inherited)";
				SWIFT_OPTIMIZATION_LEVEL = "-Onone";
			};
			name = Debug;
		};
		3F01EAB92D74FA6B00726A1A /* Release */ = {
			isa = XCBuildConfiguration;
			buildSettings = {
				ALWAYS_SEARCH_USER_PATHS = NO;
				ASSETCATALOG_COMPILER_GENERATE_SWIFT_ASSET_SYMBOL_EXTENSIONS = YES;
				CLANG_ANALYZER_NONNULL = YES;
				CLANG_ANALYZER_NUMBER_OBJECT_CONVERSION = YES_AGGRESSIVE;
				CLANG_CXX_LANGUAGE_STANDARD = "gnu++20";
				CLANG_ENABLE_MODULES = YES;
				CLANG_ENABLE_OBJC_ARC = YES;
				CLANG_ENABLE_OBJC_WEAK = YES;
				CLANG_WARN_BLOCK_CAPTURE_AUTORELEASING = YES;
				CLANG_WARN_BOOL_CONVERSION = YES;
				CLANG_WARN_COMMA = YES;
				CLANG_WARN_CONSTANT_CONVERSION = YES;
				CLANG_WARN_DEPRECATED_OBJC_IMPLEMENTATIONS = YES;
				CLANG_WARN_DIRECT_OBJC_ISA_USAGE = YES_ERROR;
				CLANG_WARN_DOCUMENTATION_COMMENTS = YES;
				CLANG_WARN_EMPTY_BODY = YES;
				CLANG_WARN_ENUM_CONVERSION = YES;
				CLANG_WARN_INFINITE_RECURSION = YES;
				CLANG_WARN_INT_CONVERSION = YES;
				CLANG_WARN_NON_LITERAL_NULL_CONVERSION = YES;
				CLANG_WARN_OBJC_IMPLICIT_RETAIN_SELF = YES;
				CLANG_WARN_OBJC_LITERAL_CONVERSION = YES;
				CLANG_WARN_OBJC_ROOT_CLASS = YES_ERROR;
				CLANG_WARN_QUOTED_INCLUDE_IN_FRAMEWORK_HEADER = YES;
				CLANG_WARN_RANGE_LOOP_ANALYSIS = YES;
				CLANG_WARN_STRICT_PROTOTYPES = YES;
				CLANG_WARN_SUSPICIOUS_MOVE = YES;
				CLANG_WARN_UNGUARDED_AVAILABILITY = YES_AGGRESSIVE;
				CLANG_WARN_UNREACHABLE_CODE = YES;
				CLANG_WARN__DUPLICATE_METHOD_MATCH = YES;
				COPY_PHASE_STRIP = NO;
				DEBUG_INFORMATION_FORMAT = "dwarf-with-dsym";
				ENABLE_NS_ASSERTIONS = NO;
				ENABLE_STRICT_OBJC_MSGSEND = YES;
				ENABLE_USER_SCRIPT_SANDBOXING = YES;
				GCC_C_LANGUAGE_STANDARD = gnu17;
				GCC_NO_COMMON_BLOCKS = YES;
				GCC_WARN_64_TO_32_BIT_CONVERSION = YES;
				GCC_WARN_ABOUT_RETURN_TYPE = YES_ERROR;
				GCC_WARN_UNDECLARED_SELECTOR = YES;
				GCC_WARN_UNINITIALIZED_AUTOS = YES_AGGRESSIVE;
				GCC_WARN_UNUSED_FUNCTION = YES;
				GCC_WARN_UNUSED_VARIABLE = YES;
				IPHONEOS_DEPLOYMENT_TARGET = 17.2;
				LOCALIZATION_PREFERS_STRING_CATALOGS = YES;
				MTL_ENABLE_DEBUG_INFO = NO;
				MTL_FAST_MATH = YES;
				SDKROOT = iphoneos;
				SWIFT_COMPILATION_MODE = wholemodule;
				VALIDATE_PRODUCT = YES;
			};
			name = Release;
		};
		3F01EABB2D74FA6B00726A1A /* Debug */ = {
			isa = XCBuildConfiguration;
			buildSettings = {
				ASSETCATALOG_COMPILER_APPICON_NAME = AppIcon;
				ASSETCATALOG_COMPILER_GLOBAL_ACCENT_COLOR_NAME = AccentColor;
				CODE_SIGN_STYLE = Automatic;
				CURRENT_PROJECT_VERSION = 1;
				DEVELOPMENT_TEAM = 3WS7A28N5T;
				GENERATE_INFOPLIST_FILE = YES;
				INFOPLIST_FILE = VitalityBoost/Info.plist;
				INFOPLIST_KEY_UIApplicationSupportsIndirectInputEvents = YES;
				INFOPLIST_KEY_UILaunchStoryboardName = LaunchScreen;
				INFOPLIST_KEY_UIMainStoryboardFile = Main;
				INFOPLIST_KEY_UISupportedInterfaceOrientations_iPad = "UIInterfaceOrientationPortrait UIInterfaceOrientationPortraitUpsideDown UIInterfaceOrientationLandscapeLeft UIInterfaceOrientationLandscapeRight";
				INFOPLIST_KEY_UISupportedInterfaceOrientations_iPhone = "UIInterfaceOrientationPortrait UIInterfaceOrientationLandscapeLeft UIInterfaceOrientationLandscapeRight";
				LD_RUNPATH_SEARCH_PATHS = (
					"$(inherited)",
					"@executable_path/Frameworks",
				);
				MARKETING_VERSION = 1.0;
				PRODUCT_BUNDLE_IDENTIFIER = com.DavCalInc.VitalityBoost;
				PRODUCT_NAME = "$(TARGET_NAME)";
				SWIFT_EMIT_LOC_STRINGS = YES;
				SWIFT_VERSION = 5.0;
				TARGETED_DEVICE_FAMILY = "1,2";
			};
			name = Debug;
		};
		3F01EABC2D74FA6B00726A1A /* Release */ = {
			isa = XCBuildConfiguration;
			buildSettings = {
				ASSETCATALOG_COMPILER_APPICON_NAME = AppIcon;
				ASSETCATALOG_COMPILER_GLOBAL_ACCENT_COLOR_NAME = AccentColor;
				CODE_SIGN_STYLE = Automatic;
				CURRENT_PROJECT_VERSION = 1;
				DEVELOPMENT_TEAM = 3WS7A28N5T;
				GENERATE_INFOPLIST_FILE = YES;
				INFOPLIST_FILE = VitalityBoost/Info.plist;
				INFOPLIST_KEY_UIApplicationSupportsIndirectInputEvents = YES;
				INFOPLIST_KEY_UILaunchStoryboardName = LaunchScreen;
				INFOPLIST_KEY_UIMainStoryboardFile = Main;
				INFOPLIST_KEY_UISupportedInterfaceOrientations_iPad = "UIInterfaceOrientationPortrait UIInterfaceOrientationPortraitUpsideDown UIInterfaceOrientationLandscapeLeft UIInterfaceOrientationLandscapeRight";
				INFOPLIST_KEY_UISupportedInterfaceOrientations_iPhone = "UIInterfaceOrientationPortrait UIInterfaceOrientationLandscapeLeft UIInterfaceOrientationLandscapeRight";
				LD_RUNPATH_SEARCH_PATHS = (
					"$(inherited)",
					"@executable_path/Frameworks",
				);
				MARKETING_VERSION = 1.0;
				PRODUCT_BUNDLE_IDENTIFIER = com.DavCalInc.VitalityBoost;
				PRODUCT_NAME = "$(TARGET_NAME)";
				SWIFT_EMIT_LOC_STRINGS = YES;
				SWIFT_VERSION = 5.0;
				TARGETED_DEVICE_FAMILY = "1,2";
			};
			name = Release;
		};
		3F01EABE2D74FA6B00726A1A /* Debug */ = {
			isa = XCBuildConfiguration;
			buildSettings = {
				ALWAYS_EMBED_SWIFT_STANDARD_LIBRARIES = YES;
				BUNDLE_LOADER = "$(TEST_HOST)";
				CODE_SIGN_STYLE = Automatic;
				CURRENT_PROJECT_VERSION = 1;
				DEVELOPMENT_TEAM = 3WS7A28N5T;
				GENERATE_INFOPLIST_FILE = YES;
				IPHONEOS_DEPLOYMENT_TARGET = 17.2;
				MARKETING_VERSION = 1.0;
				PRODUCT_BUNDLE_IDENTIFIER = com.DavCalInc.VitalityBoostTests;
				PRODUCT_NAME = "$(TARGET_NAME)";
				SWIFT_EMIT_LOC_STRINGS = NO;
				SWIFT_VERSION = 5.0;
				TARGETED_DEVICE_FAMILY = "1,2";
				TEST_HOST = "$(BUILT_PRODUCTS_DIR)/VitalityBoost.app/$(BUNDLE_EXECUTABLE_FOLDER_PATH)/VitalityBoost";
			};
			name = Debug;
		};
		3F01EABF2D74FA6B00726A1A /* Release */ = {
			isa = XCBuildConfiguration;
			buildSettings = {
				ALWAYS_EMBED_SWIFT_STANDARD_LIBRARIES = YES;
				BUNDLE_LOADER = "$(TEST_HOST)";
				CODE_SIGN_STYLE = Automatic;
				CURRENT_PROJECT_VERSION = 1;
				DEVELOPMENT_TEAM = 3WS7A28N5T;
				GENERATE_INFOPLIST_FILE = YES;
				IPHONEOS_DEPLOYMENT_TARGET = 17.2;
				MARKETING_VERSION = 1.0;
				PRODUCT_BUNDLE_IDENTIFIER = com.DavCalInc.VitalityBoostTests;
				PRODUCT_NAME = "$(TARGET_NAME)";
				SWIFT_EMIT_LOC_STRINGS = NO;
				SWIFT_VERSION = 5.0;
				TARGETED_DEVICE_FAMILY = "1,2";
				TEST_HOST = "$(BUILT_PRODUCTS_DIR)/VitalityBoost.app/$(BUNDLE_EXECUTABLE_FOLDER_PATH)/VitalityBoost";
			};
			name = Release;
		};
		3F01EAC12D74FA6B00726A1A /* Debug */ = {
			isa = XCBuildConfiguration;
			buildSettings = {
				ALWAYS_EMBED_SWIFT_STANDARD_LIBRARIES = YES;
				CODE_SIGN_STYLE = Automatic;
				CURRENT_PROJECT_VERSION = 1;
				DEVELOPMENT_TEAM = 3WS7A28N5T;
				GENERATE_INFOPLIST_FILE = YES;
				MARKETING_VERSION = 1.0;
				PRODUCT_BUNDLE_IDENTIFIER = com.DavCalInc.VitalityBoostUITests;
				PRODUCT_NAME = "$(TARGET_NAME)";
				SWIFT_EMIT_LOC_STRINGS = NO;
				SWIFT_VERSION = 5.0;
				TARGETED_DEVICE_FAMILY = "1,2";
				TEST_TARGET_NAME = VitalityBoost;
			};
			name = Debug;
		};
		3F01EAC22D74FA6B00726A1A /* Release */ = {
			isa = XCBuildConfiguration;
			buildSettings = {
				ALWAYS_EMBED_SWIFT_STANDARD_LIBRARIES = YES;
				CODE_SIGN_STYLE = Automatic;
				CURRENT_PROJECT_VERSION = 1;
				DEVELOPMENT_TEAM = 3WS7A28N5T;
				GENERATE_INFOPLIST_FILE = YES;
				MARKETING_VERSION = 1.0;
				PRODUCT_BUNDLE_IDENTIFIER = com.DavCalInc.VitalityBoostUITests;
				PRODUCT_NAME = "$(TARGET_NAME)";
				SWIFT_EMIT_LOC_STRINGS = NO;
				SWIFT_VERSION = 5.0;
				TARGETED_DEVICE_FAMILY = "1,2";
				TEST_TARGET_NAME = VitalityBoost;
			};
			name = Release;
		};
/* End XCBuildConfiguration section */

/* Begin XCConfigurationList section */
		3F01EA8B2D74FA6800726A1A /* Build configuration list for PBXProject "VitalityBoost" */ = {
			isa = XCConfigurationList;
			buildConfigurations = (
				3F01EAB82D74FA6B00726A1A /* Debug */,
				3F01EAB92D74FA6B00726A1A /* Release */,
			);
			defaultConfigurationIsVisible = 0;
			defaultConfigurationName = Release;
		};
		3F01EABA2D74FA6B00726A1A /* Build configuration list for PBXNativeTarget "VitalityBoost" */ = {
			isa = XCConfigurationList;
			buildConfigurations = (
				3F01EABB2D74FA6B00726A1A /* Debug */,
				3F01EABC2D74FA6B00726A1A /* Release */,
			);
			defaultConfigurationIsVisible = 0;
			defaultConfigurationName = Release;
		};
		3F01EABD2D74FA6B00726A1A /* Build configuration list for PBXNativeTarget "VitalityBoostTests" */ = {
			isa = XCConfigurationList;
			buildConfigurations = (
				3F01EABE2D74FA6B00726A1A /* Debug */,
				3F01EABF2D74FA6B00726A1A /* Release */,
			);
			defaultConfigurationIsVisible = 0;
			defaultConfigurationName = Release;
		};
		3F01EAC02D74FA6B00726A1A /* Build configuration list for PBXNativeTarget "VitalityBoostUITests" */ = {
			isa = XCConfigurationList;
			buildConfigurations = (
				3F01EAC12D74FA6B00726A1A /* Debug */,
				3F01EAC22D74FA6B00726A1A /* Release */,
			);
			defaultConfigurationIsVisible = 0;
			defaultConfigurationName = Release;
		};
/* End XCConfigurationList section */
	};
	rootObject = 3F01EA882D74FA6800726A1A /* Project object */;
}
